
Microsoft Visual Studio Solution File, Format Version 12.00
# Visual Studio Version 16
VisualStudioVersion = 16.0.29806.167
MinimumVisualStudioVersion = 10.0.40219.1
Project("{9A19103F-16F7-4668-BE54-9A1E7A4F7556}") = "ClrViaDotNet", "MyLinkedList\ClrViaDotNet.csproj", "{94C90B8D-4EE1-40A2-9E3B-B8A59F73296C}"
EndProject
Project("{9A19103F-16F7-4668-BE54-9A1E7A4F7556}") = "Tests", "Tests\Tests.csproj", "{FF5C6B1A-7A8C-46AD-B60F-15EA2DC939E9}"
EndProject
Global
	GlobalSection(SolutionConfigurationPlatforms) = preSolution
		Debug|Any CPU = Debug|Any CPU
		Release|Any CPU = Release|Any CPU
	EndGlobalSection
	GlobalSection(ProjectConfigurationPlatforms) = postSolution
		{94C90B8D-4EE1-40A2-9E3B-B8A59F73296C}.Debug|Any CPU.ActiveCfg = Debug|Any CPU
		{94C90B8D-4EE1-40A2-9E3B-B8A59F73296C}.Debug|Any CPU.Build.0 = Debug|Any CPU
		{94C90B8D-4EE1-40A2-9E3B-B8A59F73296C}.Release|Any CPU.ActiveCfg = Release|Any CPU
		{94C90B8D-4EE1-40A2-9E3B-B8A59F73296C}.Release|Any CPU.Build.0 = Release|Any CPU
		{FF5C6B1A-7A8C-46AD-B60F-15EA2DC939E9}.Debug|Any CPU.ActiveCfg = Debug|Any CPU
		{FF5C6B1A-7A8C-46AD-B60F-15EA2DC939E9}.Debug|Any CPU.Build.0 = Debug|Any CPU
		{FF5C6B1A-7A8C-46AD-B60F-15EA2DC939E9}.Release|Any CPU.ActiveCfg = Release|Any CPU
		{FF5C6B1A-7A8C-46AD-B60F-15EA2DC939E9}.Release|Any CPU.Build.0 = Release|Any CPU
	EndGlobalSection
	GlobalSection(SolutionProperties) = preSolution
		HideSolutionNode = FALSE
	EndGlobalSection
	GlobalSection(ExtensibilityGlobals) = postSolution
		SolutionGuid = {DDE4FAA4-572B-44B7-88D4-11920C3AC249}
	EndGlobalSection
EndGlobal
